<?xml version="1.0" encoding="utf-8"?>
<Project ToolsVersion="4.0" xmlns="http://schemas.microsoft.com/developer/msbuild/2003">
  <ItemGroup>
    <Filter Include="Source Files">
      <UniqueIdentifier>{4FC737F1-C7A5-4376-A066-2A32D752A2FF}</UniqueIdentifier>
      <Extensions>cpp;c;cc;cxx;def;odl;idl;hpj;bat;asm;asmx</Extensions>
    </Filter>
    <Filter Include="Header Files">
      <UniqueIdentifier>{93995380-89BD-4b04-88EB-625FBE52EBFB}</UniqueIdentifier>
      <Extensions>h;hpp;hxx;hm;inl;inc;xsd</Extensions>
    </Filter>
  </ItemGroup>
  <ItemGroup>
    <ClInclude Include="libthecore\buffer.h">
      <Filter>Header Files</Filter>
    </ClInclude>
    <ClInclude Include="libthecore\crypt.h">
      <Filter>Header Files</Filter>
    </ClInclude>
    <ClInclude Include="libthecore\fdwatch.h">
      <Filter>Header Files</Filter>
    </ClInclude>
    <ClInclude Include="libthecore\hangul.h">
      <Filter>Header Files</Filter>
    </ClInclude>
    <ClInclude Include="libthecore\heart.h">
      <Filter>Header Files</Filter>
    </ClInclude>
    <ClInclude Include="libthecore\kstbl.h">
      <Filter>Header Files</Filter>
    </ClInclude>
    <ClInclude Include="libthecore\log.h">
      <Filter>Header Files</Filter>
    </ClInclude>
    <ClInclude Include="libthecore\main.h">
      <Filter>Header Files</Filter>
    </ClInclude>
    <ClInclude Include="libthecore\memcpy.h">
      <Filter>Header Files</Filter>
    </ClInclude>
    <ClInclude Include="libthecore\poly.h">
      <Filter>Header Files</Filter>
    </ClInclude>
    <ClInclude Include="libthecore\signal.h">
      <Filter>Header Files</Filter>
    </ClInclude>
    <ClInclude Include="libthecore\socket.h">
      <Filter>Header Files</Filter>
    </ClInclude>
    <ClInclude Include="libthecore\stdafx.h">
      <Filter>Header Files</Filter>
    </ClInclude>
    <ClInclude Include="libthecore\typedef.h">
      <Filter>Header Files</Filter>
    </ClInclude>
    <ClInclude Include="libthecore\utils.h">
      <Filter>Header Files</Filter>
    </ClInclude>
  </ItemGroup>
  <ItemGroup>
    <ClCompile Include="libthecore\buffer.cpp">
      <Filter>Source Files</Filter>
    </ClCompile>
    <ClCompile Include="libthecore\fdwatch.cpp">
      <Filter>Source Files</Filter>
    </ClCompile>
    <ClCompile Include="libthecore\gost.cpp">
      <Filter>Source Files</Filter>
    </ClCompile>
    <ClCompile Include="libthecore\hangul.cpp">
      <Filter>Source Files</Filter>
    </ClCompile>
    <ClCompile Include="libthecore\heart.cpp">
      <Filter>Source Files</Filter>
    </ClCompile>
    <ClCompile Include="libthecore\kstbl.cpp">
      <Filter>Source Files</Filter>
    </ClCompile>
    <ClCompile Include="libthecore\log.cpp">
      <Filter>Source Files</Filter>
    </ClCompile>
    <ClCompile Include="libthecore\main.cpp">
      <Filter>Source Files</Filter>
    </ClCompile>
    <ClCompile Include="libthecore\memcpy.cpp">
      <Filter>Source Files</Filter>
    </ClCompile>
    <ClCompile Include="libthecore\poly.cpp">
      <Filter>Source Files</Filter>
    </ClCompile>
    <ClCompile Include="libthecore\signal.cpp">
      <Filter>Source Files</Filter>
    </ClCompile>
    <ClCompile Include="libthecore\socket.cpp">
      <Filter>Source Files</Filter>
    </ClCompile>
    <ClCompile Include="libthecore\tea.cpp">
      <Filter>Source Files</Filter>
    </ClCompile>
    <ClCompile Include="libthecore\utils.cpp">
      <Filter>Source Files</Filter>
    </ClCompile>
  </ItemGroup>
</Project>